
Microsoft Visual Studio Solution File, Format Version 12.00
# Visual Studio Version 17
VisualStudioVersion = 17.4.33205.214
MinimumVisualStudioVersion = 10.0.40219.1
Project("{FAE04EC0-301F-11D3-BF4B-00C04F79EFBC}") = "BankAPI", "BankAPI\BankAPI.csproj", "{B13C564C-039F-41F6-A085-419E63218278}"
EndProject
Global
	GlobalSection(SolutionConfigurationPlatforms) = preSolution
		Debug|Any CPU = Debug|Any CPU
		Release|Any CPU = Release|Any CPU
	EndGlobalSection
	GlobalSection(ProjectConfigurationPlatforms) = postSolution
		{B13C564C-039F-41F6-A085-419E63218278}.Debug|Any CPU.ActiveCfg = Debug|Any CPU
		{B13C564C-039F-41F6-A085-419E63218278}.Debug|Any CPU.Build.0 = Debug|Any CPU
		{B13C564C-039F-41F6-A085-419E63218278}.Release|Any CPU.ActiveCfg = Release|Any CPU
		{B13C564C-039F-41F6-A085-419E63218278}.Release|Any CPU.Build.0 = Release|Any CPU
	EndGlobalSection
	GlobalSection(SolutionProperties) = preSolution
		HideSolutionNode = FALSE
	EndGlobalSection
	GlobalSection(ExtensibilityGlobals) = postSolution
		SolutionGuid = {B6FF0C02-DF14-40CC-9E92-E23DDEAA01C3}
	EndGlobalSection
EndGlobal
